// !$*UTF8*$!
{
	archiveVersion = 1;
	classes = {
	};
	objectVersion = 50;
	objects = {

/* Begin PBXBuildFile section */
		FBF0D2E4264C400D00DE9DDA /* TutorialsApp.swift in Sources */ = {isa = PBXBuildFile; fileRef = FBF0D2E3264C400D00DE9DDA /* TutorialsApp.swift */; };
		FBF0D2E6264C400D00DE9DDA /* TutorialListView.swift in Sources */ = {isa = PBXBuildFile; fileRef = FBF0D2E5264C400D00DE9DDA /* TutorialListView.swift */; };
		FBF0D2E8264C401100DE9DDA /* Assets.xcassets in Resources */ = {isa = PBXBuildFile; fileRef = FBF0D2E7264C401100DE9DDA /* Assets.xcassets */; };
		FBF0D2EB264C401100DE9DDA /* Preview Assets.xcassets in Resources */ = {isa = PBXBuildFile; fileRef = FBF0D2EA264C401100DE9DDA /* Preview Assets.xcassets */; };
		FBF0D2F4264C414000DE9DDA /* Video.swift in Sources */ = {isa = PBXBuildFile; fileRef = FBF0D2F3264C414000DE9DDA /* Video.swift */; };
		FBF0D2F9264C48D200DE9DDA /* VideoDetailView.swift in Sources */ = {isa = PBXBuildFile; fileRef = FBF0D2F8264C48D200DE9DDA /* VideoDetailView.swift */; };
/* End PBXBuildFile section */

/* Begin PBXFileReference section */
		FBF0D2E0264C400D00DE9DDA /* Tutorials.app */ = {isa = PBXFileReference; explicitFileType = wrapper.application; includeInIndex = 0; path = Tutorials.app; sourceTree = BUILT_PRODUCTS_DIR; };
		FBF0D2E3264C400D00DE9DDA /* TutorialsApp.swift */ = {isa = PBXFileReference; lastKnownFileType = sourcecode.swift; path = TutorialsApp.swift; sourceTree = "<group>"; };
		FBF0D2E5264C400D00DE9DDA /* TutorialListView.swift */ = {isa = PBXFileReference; lastKnownFileType = sourcecode.swift; path = TutorialListView.swift; sourceTree = "<group>"; };
		FBF0D2E7264C401100DE9DDA /* Assets.xcassets */ = {isa = PBXFileReference; lastKnownFileType = folder.assetcatalog; path = Assets.xcassets; sourceTree = "<group>"; };
		FBF0D2EA264C401100DE9DDA /* Preview Assets.xcassets */ = {isa = PBXFileReference; lastKnownFileType = folder.assetcatalog; path = "Preview Assets.xcassets"; sourceTree = "<group>"; };
		FBF0D2EC264C401100DE9DDA /* Info.plist */ = {isa = PBXFileReference; lastKnownFileType = text.plist.xml; path = Info.plist; sourceTree = "<group>"; };
		FBF0D2F3264C414000DE9DDA /* Video.swift */ = {isa = PBXFileReference; lastKnownFileType = sourcecode.swift; path = Video.swift; sourceTree = "<group>"; };
		FBF0D2F8264C48D200DE9DDA /* VideoDetailView.swift */ = {isa = PBXFileReference; lastKnownFileType = sourcecode.swift; path = VideoDetailView.swift; sourceTree = "<group>"; };
		FBF0D2FB264C55D600DE9DDA /* README.md */ = {isa = PBXFileReference; lastKnownFileType = net.daringfireball.markdown; path = README.md; sourceTree = "<group>"; };
		FBF0D2FD264C59E000DE9DDA /* detail.png */ = {isa = PBXFileReference; lastKnownFileType = image.png; name = detail.png; path = ../../../Desktop/detail.png; sourceTree = "<group>"; };
		FBF0D2FE264C59E000DE9DDA /* list.png */ = {isa = PBXFileReference; lastKnownFileType = image.png; name = list.png; path = ../../../Desktop/list.png; sourceTree = "<group>"; };
		FBF0D2FF264C59E000DE9DDA /* browser.png */ = {isa = PBXFileReference; lastKnownFileType = image.png; name = browser.png; path = ../../../Desktop/browser.png; sourceTree = "<group>"; };
/* End PBXFileReference section */

/* Begin PBXFrameworksBuildPhase section */
		FBF0D2DD264C400D00DE9DDA /* Frameworks */ = {
			isa = PBXFrameworksBuildPhase;
			buildActionMask = 2147483647;
			files = (
			);
			runOnlyForDeploymentPostprocessing = 0;
		};
/* End PBXFrameworksBuildPhase section */

/* Begin PBXGroup section */
		FBF0D2D7264C400D00DE9DDA = {
			isa = PBXGroup;
			children = (
				FBF0D2FB264C55D600DE9DDA /* README.md */,
				FBF0D2FF264C59E000DE9DDA /* browser.png */,
				FBF0D2FD264C59E000DE9DDA /* detail.png */,
				FBF0D2FE264C59E000DE9DDA /* list.png */,
				FBF0D2E2264C400D00DE9DDA /* Tutorials */,
				FBF0D2E1264C400D00DE9DDA /* Products */,
			);
			sourceTree = "<group>";
		};
		FBF0D2E1264C400D00DE9DDA /* Products */ = {
			isa = PBXGroup;
			children = (
				FBF0D2E0264C400D00DE9DDA /* Tutorials.app */,
			);
			name = Products;
			sourceTree = "<group>";
		};
		FBF0D2E2264C400D00DE9DDA /* Tutorials */ = {
			isa = PBXGroup;
			children = (
				FBF0D2E3264C400D00DE9DDA /* TutorialsApp.swift */,
				FBF0D2E5264C400D00DE9DDA /* TutorialListView.swift */,
				FBF0D2F8264C48D200DE9DDA /* VideoDetailView.swift */,
				FBF0D2E7264C401100DE9DDA /* Assets.xcassets */,
				FBF0D2EC264C401100DE9DDA /* Info.plist */,
				FBF0D2E9264C401100DE9DDA /* Preview Content */,
				FBF0D2F3264C414000DE9DDA /* Video.swift */,
			);
			path = Tutorials;
			sourceTree = "<group>";
		};
		FBF0D2E9264C401100DE9DDA /* Preview Content */ = {
			isa = PBXGroup;
			children = (
				FBF0D2EA264C401100DE9DDA /* Preview Assets.xcassets */,
			);
			path = "Preview Content";
			sourceTree = "<group>";
		};
/* End PBXGroup section */

/* Begin PBXNativeTarget section */
		FBF0D2DF264C400D00DE9DDA /* Tutorials */ = {
			isa = PBXNativeTarget;
			buildConfigurationList = FBF0D2EF264C401100DE9DDA /* Build configuration list for PBXNativeTarget "Tutorials" */;
			buildPhases = (
				FBF0D2DC264C400D00DE9DDA /* Sources */,
				FBF0D2DD264C400D00DE9DDA /* Frameworks */,
				FBF0D2DE264C400D00DE9DDA /* Resources */,
			);
			buildRules = (
			);
			dependencies = (
			);
			name = Tutorials;
			productName = Tutorials;
			productReference = FBF0D2E0264C400D00DE9DDA /* Tutorials.app */;
			productType = "com.apple.product-type.application";
		};
/* End PBXNativeTarget section */

/* Begin PBXProject section */
		FBF0D2D8264C400D00DE9DDA /* Project object */ = {
			isa = PBXProject;
			attributes = {
				LastSwiftUpdateCheck = 1240;
				LastUpgradeCheck = 1240;
				TargetAttributes = {
					FBF0D2DF264C400D00DE9DDA = {
						CreatedOnToolsVersion = 12.4;
					};
				};
			};
			buildConfigurationList = FBF0D2DB264C400D00DE9DDA /* Build configuration list for PBXProject "Tutorials" */;
			compatibilityVersion = "Xcode 9.3";
			developmentRegion = en;
			hasScannedForEncodings = 0;
			knownRegions = (
				en,
				Base,
			);
			mainGroup = FBF0D2D7264C400D00DE9DDA;
			productRefGroup = FBF0D2E1264C400D00DE9DDA /* Products */;
			projectDirPath = "";
			projectRoot = "";
			targets = (
				FBF0D2DF264C400D00DE9DDA /* Tutorials */,
			);
		};
/* End PBXProject section */

/* Begin PBXResourcesBuildPhase section */
		FBF0D2DE264C400D00DE9DDA /* Resources */ = {
			isa = PBXResourcesBuildPhase;
			buildActionMask = 2147483647;
			files = (
				FBF0D2EB264C401100DE9DDA /* Preview Assets.xcassets in Resources */,
				FBF0D2E8264C401100DE9DDA /* Assets.xcassets in Resources */,
			);
			runOnlyForDeploymentPostprocessing = 0;
		};
/* End PBXResourcesBuildPhase section */

/* Begin PBXSourcesBuildPhase section */
		FBF0D2DC264C400D00DE9DDA /* Sources */ = {
			isa = PBXSourcesBuildPhase;
			buildActionMask = 2147483647;
			files = (
				FBF0D2E6264C400D00DE9DDA /* TutorialListView.swift in Sources */,
				FBF0D2F9264C48D200DE9DDA /* VideoDetailView.swift in Sources */,
				FBF0D2F4264C414000DE9DDA /* Video.swift in Sources */,
				FBF0D2E4264C400D00DE9DDA /* TutorialsApp.swift in Sources */,
			);
			runOnlyForDeploymentPostprocessing = 0;
		};
/* End PBXSourcesBuildPhase section */

/* Begin XCBuildConfiguration section */
		FBF0D2ED264C401100DE9DDA /* Debug */ = {
			isa = XCBuildConfiguration;
			buildSettings = {
				ALWAYS_SEARCH_USER_PATHS = NO;
				CLANG_ANALYZER_NONNULL = YES;
				CLANG_ANALYZER_NUMBER_OBJECT_CONVERSION = YES_AGGRESSIVE;
				CLANG_CXX_LANGUAGE_STANDARD = "gnu++14";
				CLANG_CXX_LIBRARY = "libc++";
				CLANG_ENABLE_MODULES = YES;
				CLANG_ENABLE_OBJC_ARC = YES;
				CLANG_ENABLE_OBJC_WEAK = YES;
				CLANG_WARN_BLOCK_CAPTURE_AUTORELEASING = YES;
				CLANG_WARN_BOOL_CONVERSION = YES;
				CLANG_WARN_COMMA = YES;
				CLANG_WARN_CONSTANT_CONVERSION = YES;
				CLANG_WARN_DEPRECATED_OBJC_IMPLEMENTATIONS = YES;
				CLANG_WARN_DIRECT_OBJC_ISA_USAGE = YES_ERROR;
				CLANG_WARN_DOCUMENTATION_COMMENTS = YES;
				CLANG_WARN_EMPTY_BODY = YES;
				CLANG_WARN_ENUM_CONVERSION = YES;
				CLANG_WARN_INFINITE_RECURSION = YES;
				CLANG_WARN_INT_CONVERSION = YES;
				CLANG_WARN_NON_LITERAL_NULL_CONVERSION = YES;
				CLANG_WARN_OBJC_IMPLICIT_RETAIN_SELF = YES;
				CLANG_WARN_OBJC_LITERAL_CONVERSION = YES;
				CLANG_WARN_OBJC_ROOT_CLASS = YES_ERROR;
				CLANG_WARN_QUOTED_INCLUDE_IN_FRAMEWORK_HEADER = YES;
				CLANG_WARN_RANGE_LOOP_ANALYSIS = YES;
				CLANG_WARN_STRICT_PROTOTYPES = YES;
				CLANG_WARN_SUSPICIOUS_MOVE = YES;
				CLANG_WARN_UNGUARDED_AVAILABILITY = YES_AGGRESSIVE;
				CLANG_WARN_UNREACHABLE_CODE = YES;
				CLANG_WARN__DUPLICATE_METHOD_MATCH = YES;
				COPY_PHASE_STRIP = NO;
				DEBUG_INFORMATION_FORMAT = dwarf;
				ENABLE_STRICT_OBJC_MSGSEND = YES;
				ENABLE_TESTABILITY = YES;
				GCC_C_LANGUAGE_STANDARD = gnu11;
				GCC_DYNAMIC_NO_PIC = NO;
				GCC_NO_COMMON_BLOCKS = YES;
				GCC_OPTIMIZATION_LEVEL = 0;
				GCC_PREPROCESSOR_DEFINITIONS = (
					"DEBUG=1",
					"$(inherited)",
				);
				GCC_WARN_64_TO_32_BIT_CONVERSION = YES;
				GCC_WARN_ABOUT_RETURN_TYPE = YES_ERROR;
				GCC_WARN_UNDECLARED_SELECTOR = YES;
				GCC_WARN_UNINITIALIZED_AUTOS = YES_AGGRESSIVE;
				GCC_WARN_UNUSED_FUNCTION = YES;
				GCC_WARN_UNUSED_VARIABLE = YES;
				IPHONEOS_DEPLOYMENT_TARGET = 14.4;
				MTL_ENABLE_DEBUG_INFO = INCLUDE_SOURCE;
				MTL_FAST_MATH = YES;
				ONLY_ACTIVE_ARCH = YES;
				SDKROOT = iphoneos;
				SWIFT_ACTIVE_COMPILATION_CONDITIONS = DEBUG;
				SWIFT_OPTIMIZATION_LEVEL = "-Onone";
			};
			name = Debug;
		};
		FBF0D2EE264C401100DE9DDA /* Release */ = {
			isa = XCBuildConfiguration;
			buildSettings = {
				ALWAYS_SEARCH_USER_PATHS = NO;
				CLANG_ANALYZER_NONNULL = YES;
				CLANG_ANALYZER_NUMBER_OBJECT_CONVERSION = YES_AGGRESSIVE;
				CLANG_CXX_LANGUAGE_STANDARD = "gnu++14";
				CLANG_CXX_LIBRARY = "libc++";
				CLANG_ENABLE_MODULES = YES;
				CLANG_ENABLE_OBJC_ARC = YES;
				CLANG_ENABLE_OBJC_WEAK = YES;
				CLANG_WARN_BLOCK_CAPTURE_AUTORELEASING = YES;
				CLANG_WARN_BOOL_CONVERSION = YES;
				CLANG_WARN_COMMA = YES;
				CLANG_WARN_CONSTANT_CONVERSION = YES;
				CLANG_WARN_DEPRECATED_OBJC_IMPLEMENTATIONS = YES;
				CLANG_WARN_DIRECT_OBJC_ISA_USAGE = YES_ERROR;
				CLANG_WARN_DOCUMENTATION_COMMENTS = YES;
				CLANG_WARN_EMPTY_BODY = YES;
				CLANG_WARN_ENUM_CONVERSION = YES;
				CLANG_WARN_INFINITE_RECURSION = YES;
				CLANG_WARN_INT_CONVERSION = YES;
				CLANG_WARN_NON_LITERAL_NULL_CONVERSION = YES;
				CLANG_WARN_OBJC_IMPLICIT_RETAIN_SELF = YES;
				CLANG_WARN_OBJC_LITERAL_CONVERSION = YES;
				CLANG_WARN_OBJC_ROOT_CLASS = YES_ERROR;
				CLANG_WARN_QUOTED_INCLUDE_IN_FRAMEWORK_HEADER = YES;
				CLANG_WARN_RANGE_LOOP_ANALYSIS = YES;
				CLANG_WARN_STRICT_PROTOTYPES = YES;
				CLANG_WARN_SUSPICIOUS_MOVE = YES;
				CLANG_WARN_UNGUARDED_AVAILABILITY = YES_AGGRESSIVE;
				CLANG_WARN_UNREACHABLE_CODE = YES;
				CLANG_WARN__DUPLICATE_METHOD_MATCH = YES;
				COPY_PHASE_STRIP = NO;
				DEBUG_INFORMATION_FORMAT = "dwarf-with-dsym";
				ENABLE_NS_ASSERTIONS = NO;
				ENABLE_STRICT_OBJC_MSGSEND = YES;
				GCC_C_LANGUAGE_STANDARD = gnu11;
				GCC_NO_COMMON_BLOCKS = YES;
				GCC_WARN_64_TO_32_BIT_CONVERSION = YES;
				GCC_WARN_ABOUT_RETURN_TYPE = YES_ERROR;
				GCC_WARN_UNDECLARED_SELECTOR = YES;
				GCC_WARN_UNINITIALIZED_AUTOS = YES_AGGRESSIVE;
				GCC_WARN_UNUSED_FUNCTION = YES;
				GCC_WARN_UNUSED_VARIABLE = YES;
				IPHONEOS_DEPLOYMENT_TARGET = 14.4;
				MTL_ENABLE_DEBUG_INFO = NO;
				MTL_FAST_MATH = YES;
				SDKROOT = iphoneos;
				SWIFT_COMPILATION_MODE = wholemodule;
				SWIFT_OPTIMIZATION_LEVEL = "-O";
				VALIDATE_PRODUCT = YES;
			};
			name = Release;
		};
		FBF0D2F0264C401100DE9DDA /* Debug */ = {
			isa = XCBuildConfiguration;
			buildSettings = {
				ASSETCATALOG_COMPILER_APPICON_NAME = AppIcon;
				ASSETCATALOG_COMPILER_GLOBAL_ACCENT_COLOR_NAME = AccentColor;
				CODE_SIGN_STYLE = Automatic;
				DEVELOPMENT_ASSET_PATHS = "\"Tutorials/Preview Content\"";
				DEVELOPMENT_TEAM = REBFJZPNV9;
				ENABLE_PREVIEWS = YES;
				INFOPLIST_FILE = Tutorials/Info.plist;
				IPHONEOS_DEPLOYMENT_TARGET = 14.0;
				LD_RUNPATH_SEARCH_PATHS = (
					"$(inherited)",
					"@executable_path/Frameworks",
				);
				PRODUCT_BUNDLE_IDENTIFIER = com.sachinb.Tutorials;
				PRODUCT_NAME = "$(TARGET_NAME)";
				SWIFT_VERSION = 5.0;
				TARGETED_DEVICE_FAMILY = "1,2";
			};
			name = Debug;
		};
		FBF0D2F1264C401100DE9DDA /* Release */ = {
			isa = XCBuildConfiguration;
			buildSettings = {
				ASSETCATALOG_COMPILER_APPICON_NAME = AppIcon;
				ASSETCATALOG_COMPILER_GLOBAL_ACCENT_COLOR_NAME = AccentColor;
				CODE_SIGN_STYLE = Automatic;
				DEVELOPMENT_ASSET_PATHS = "\"Tutorials/Preview Content\"";
				DEVELOPMENT_TEAM = REBFJZPNV9;
				ENABLE_PREVIEWS = YES;
				INFOPLIST_FILE = Tutorials/Info.plist;
				IPHONEOS_DEPLOYMENT_TARGET = 14.0;
				LD_RUNPATH_SEARCH_PATHS = (
					"$(inherited)",
					"@executable_path/Frameworks",
				);
				PRODUCT_BUNDLE_IDENTIFIER = com.sachinb.Tutorials;
				PRODUCT_NAME = "$(TARGET_NAME)";
				SWIFT_VERSION = 5.0;
				TARGETED_DEVICE_FAMILY = "1,2";
			};
			name = Release;
		};
/* End XCBuildConfiguration section */

/* Begin XCConfigurationList section */
		FBF0D2DB264C400D00DE9DDA /* Build configuration list for PBXProject "Tutorials" */ = {
			isa = XCConfigurationList;
			buildConfigurations = (
				FBF0D2ED264C401100DE9DDA /* Debug */,
				FBF0D2EE264C401100DE9DDA /* Release */,
			);
			defaultConfigurationIsVisible = 0;
			defaultConfigurationName = Release;
		};
		FBF0D2EF264C401100DE9DDA /* Build configuration list for PBXNativeTarget "Tutorials" */ = {
			isa = XCConfigurationList;
			buildConfigurations = (
				FBF0D2F0264C401100DE9DDA /* Debug */,
				FBF0D2F1264C401100DE9DDA /* Release */,
			);
			defaultConfigurationIsVisible = 0;
			defaultConfigurationName = Release;
		};
/* End XCConfigurationList section */
	};
	rootObject = FBF0D2D8264C400D00DE9DDA /* Project object */;
}
